# THIS IS AN AUTOGENERATED FILE. DO NOT EDIT THIS FILE DIRECTLY.
# yarn lockfile v1


humps@^2.0.1:
  version "2.0.1"
  resolved "https://registry.yarnpkg.com/humps/-/humps-2.0.1.tgz#dd02ea6081bd0568dc5d073184463957ba9ef9aa"
  integrity sha512-E0eIbrFWUhwfXJmsbdjRQFQPrl5pTEoKlz163j1mTqqUnU9PgR4AgB8AIITzuB3vLBdxZXyZ9TDIrwB2OASz4g==

react-shadow@^20.6.0:
  version "20.6.0"
  resolved "https://registry.yarnpkg.com/react-shadow/-/react-shadow-20.6.0.tgz#13c11ec50787ba6ab637381814562066be368d49"
  integrity sha512-kY+w4OMNZ8Nj9YI9eiTgvvJ/wYO7XyX1D/LYhvwQZv5vw69iCiDtGB0BX/2U8gLUuZAMN+x/7rHJKqHh8wXFHQ==
  dependencies:
    humps "^2.0.1"
